
Microsoft Visual Studio Solution File, Format Version 12.00
# Visual Studio Version 17
VisualStudioVersion = 17.5.33516.290
MinimumVisualStudioVersion = 10.0.40219.1
Project("{9A19103F-16F7-4668-BE54-9A1E7A4F7556}") = "HelloWorld", "HelloWorld\HelloWorld.csproj", "{FBF01F46-E1E7-4BB4-88EF-0A40770A5184}"
EndProject
Project("{2150E333-8FDC-42A3-9474-1A3956D46DE8}") = "Solution Items", "Solution Items", "{95B22B67-BA2D-40CB-80A8-BFCBEA016249}"
EndProject
Global
	GlobalSection(SolutionConfigurationPlatforms) = preSolution
		Debug|Any CPU = Debug|Any CPU
		Release|Any CPU = Release|Any CPU
	EndGlobalSection
	GlobalSection(ProjectConfigurationPlatforms) = postSolution
		{FBF01F46-E1E7-4BB4-88EF-0A40770A5184}.Debug|Any CPU.ActiveCfg = Debug|Any CPU
		{FBF01F46-E1E7-4BB4-88EF-0A40770A5184}.Debug|Any CPU.Build.0 = Debug|Any CPU
		{FBF01F46-E1E7-4BB4-88EF-0A40770A5184}.Release|Any CPU.ActiveCfg = Release|Any CPU
		{FBF01F46-E1E7-4BB4-88EF-0A40770A5184}.Release|Any CPU.Build.0 = Release|Any CPU
	EndGlobalSection
	GlobalSection(SolutionProperties) = preSolution
		HideSolutionNode = FALSE
	EndGlobalSection
	GlobalSection(ExtensibilityGlobals) = postSolution
		SolutionGuid = {A63F55EC-63AF-4E98-9BBC-3F36BFCDAD72}
	EndGlobalSection
EndGlobal
